
Microsoft Visual Studio Solution File, Format Version 12.00
# Visual Studio 2012
Project("{2150E333-8FDC-42A3-9474-1A3956D46DE8}") = "NAntScripts", "NAntScripts", "{D028626C-0D2F-495A-9807-71681C328D28}"
EndProject
Project("{2150E333-8FDC-42A3-9474-1A3956D46DE8}") = "WiX", "WiX", "{DD02722D-B49A-4935-9E8D-3EDC45793DA6}"
	ProjectSection(SolutionItems) = preProject
		Examples\patch.example.build = Examples\patch.example.build
	EndProjectSection
EndProject
Project("{2150E333-8FDC-42A3-9474-1A3956D46DE8}") = "HeatExampleXSL", "HeatExampleXSL", "{E1ABF4E1-E68B-4408-B669-F8D0912F699C}"
	ProjectSection(SolutionItems) = preProject
		Examples\JDK.HeatTx.base.xslt = Examples\JDK.HeatTx.base.xslt
		Examples\JDK.HeatTx.xslt = Examples\JDK.HeatTx.xslt
	EndProjectSection
EndProject
Project("{2150E333-8FDC-42A3-9474-1A3956D46DE8}") = "PatchExample", "PatchExample", "{D38ADE69-8EB6-4030-A977-E78887BF33BB}"
	ProjectSection(SolutionItems) = preProject
		Examples\PatchExample\Patch.wixobj = Examples\PatchExample\Patch.wixobj
		Examples\PatchExample\Patch.wxs = Examples\PatchExample\Patch.wxs
	EndProjectSection
EndProject
Project("{2150E333-8FDC-42A3-9474-1A3956D46DE8}") = "RTM", "RTM", "{D966B0BD-664B-4E8A-A214-DA35DF1325D8}"
	ProjectSection(SolutionItems) = preProject
		Examples\PatchExample\RTM\UpgradeSample.msi = Examples\PatchExample\RTM\UpgradeSample.msi
		Examples\PatchExample\RTM\UpgradeSample.wixpdb = Examples\PatchExample\RTM\UpgradeSample.wixpdb
	EndProjectSection
EndProject
Project("{2150E333-8FDC-42A3-9474-1A3956D46DE8}") = "Upgrade", "Upgrade", "{EA4E2F71-4C23-4940-B446-A5CD799D6B8E}"
	ProjectSection(SolutionItems) = preProject
		Examples\PatchExample\Upgrade\UpgradeSample.msi = Examples\PatchExample\Upgrade\UpgradeSample.msi
		Examples\PatchExample\Upgrade\UpgradeSample.wixpdb = Examples\PatchExample\Upgrade\UpgradeSample.wixpdb
	EndProjectSection
EndProject
Project("{FAE04EC0-301F-11D3-BF4B-00C04F79EFBC}") = "NAnt.Extensions.Tasks", "NAnt.Extensions\NAnt.Extensions.Tasks.csproj", "{B167CC5D-301D-4071-97C9-E040D2919032}"
EndProject
Global
	GlobalSection(SolutionConfigurationPlatforms) = preSolution
		Debug|Any CPU = Debug|Any CPU
		Release|Any CPU = Release|Any CPU
	EndGlobalSection
	GlobalSection(ProjectConfigurationPlatforms) = postSolution
		{B167CC5D-301D-4071-97C9-E040D2919032}.Debug|Any CPU.ActiveCfg = Debug|Any CPU
		{B167CC5D-301D-4071-97C9-E040D2919032}.Debug|Any CPU.Build.0 = Debug|Any CPU
		{B167CC5D-301D-4071-97C9-E040D2919032}.Release|Any CPU.ActiveCfg = Release|Any CPU
		{B167CC5D-301D-4071-97C9-E040D2919032}.Release|Any CPU.Build.0 = Release|Any CPU
	EndGlobalSection
	GlobalSection(SolutionProperties) = preSolution
		HideSolutionNode = FALSE
	EndGlobalSection
	GlobalSection(NestedProjects) = preSolution
		{DD02722D-B49A-4935-9E8D-3EDC45793DA6} = {D028626C-0D2F-495A-9807-71681C328D28}
		{E1ABF4E1-E68B-4408-B669-F8D0912F699C} = {DD02722D-B49A-4935-9E8D-3EDC45793DA6}
		{D38ADE69-8EB6-4030-A977-E78887BF33BB} = {DD02722D-B49A-4935-9E8D-3EDC45793DA6}
		{D966B0BD-664B-4E8A-A214-DA35DF1325D8} = {D38ADE69-8EB6-4030-A977-E78887BF33BB}
		{EA4E2F71-4C23-4940-B446-A5CD799D6B8E} = {D38ADE69-8EB6-4030-A977-E78887BF33BB}
	EndGlobalSection
EndGlobal
