
Microsoft Visual Studio Solution File, Format Version 12.00
# Visual Studio 2012
Project("{2150E333-8FDC-42A3-9474-1A3956D46DE8}") = "NAntScripts", "NAntScripts", "{D028626C-0D2F-495A-9807-71681C328D28}"
	ProjectSection(SolutionItems) = preProject
		sign_binaries.include = sign_binaries.include
		vscompile.include = vscompile.include
	EndProjectSection
EndProject
Project("{2150E333-8FDC-42A3-9474-1A3956D46DE8}") = "WiX", "WiX", "{DD02722D-B49A-4935-9E8D-3EDC45793DA6}"
	ProjectSection(SolutionItems) = preProject
		patch.example.build = patch.example.build
		wix.heat.include = wix.heat.include
		wix.light.include = wix.light.include
		wix.melt.include = wix.melt.include
		wix.pyro.include = wix.pyro.include
		wix.torch.include = wix.torch.include
	EndProjectSection
EndProject
Project("{2150E333-8FDC-42A3-9474-1A3956D46DE8}") = "HeatExampleXSL", "HeatExampleXSL", "{E1ABF4E1-E68B-4408-B669-F8D0912F699C}"
	ProjectSection(SolutionItems) = preProject
		JDK.HeatTx.base.xslt = JDK.HeatTx.base.xslt
		JDK.HeatTx.xslt = JDK.HeatTx.xslt
	EndProjectSection
EndProject
Global
	GlobalSection(SolutionProperties) = preSolution
		HideSolutionNode = FALSE
	EndGlobalSection
	GlobalSection(NestedProjects) = preSolution
		{DD02722D-B49A-4935-9E8D-3EDC45793DA6} = {D028626C-0D2F-495A-9807-71681C328D28}
		{E1ABF4E1-E68B-4408-B669-F8D0912F699C} = {DD02722D-B49A-4935-9E8D-3EDC45793DA6}
	EndGlobalSection
EndGlobal
